
Microsoft Visual Studio Solution File, Format Version 12.00
# Visual Studio 15
VisualStudioVersion = 15.0.27130.2036
MinimumVisualStudioVersion = 10.0.40219.1
Project("{FAE04EC0-301F-11D3-BF4B-00C04F79EFBC}") = "Lesson3_MyFirstWebApp", "Lesson3_MyFirstWebApp\Lesson3_MyFirstWebApp.csproj", "{1B46AA8C-7861-4F43-A8D9-6E16D0ACBA66}"
EndProject
Global
	GlobalSection(SolutionConfigurationPlatforms) = preSolution
		Debug|Any CPU = Debug|Any CPU
		Release|Any CPU = Release|Any CPU
	EndGlobalSection
	GlobalSection(ProjectConfigurationPlatforms) = postSolution
		{1B46AA8C-7861-4F43-A8D9-6E16D0ACBA66}.Debug|Any CPU.ActiveCfg = Debug|Any CPU
		{1B46AA8C-7861-4F43-A8D9-6E16D0ACBA66}.Debug|Any CPU.Build.0 = Debug|Any CPU
		{1B46AA8C-7861-4F43-A8D9-6E16D0ACBA66}.Release|Any CPU.ActiveCfg = Release|Any CPU
		{1B46AA8C-7861-4F43-A8D9-6E16D0ACBA66}.Release|Any CPU.Build.0 = Release|Any CPU
	EndGlobalSection
	GlobalSection(SolutionProperties) = preSolution
		HideSolutionNode = FALSE
	EndGlobalSection
	GlobalSection(ExtensibilityGlobals) = postSolution
		SolutionGuid = {C10C4B7A-3F99-49C0-AFE2-F28A7FF66B1C}
	EndGlobalSection
EndGlobal
